<?xml version="1.0" encoding="utf-8"?>
<Project ToolsVersion="4.0" xmlns="http://schemas.microsoft.com/developer/msbuild/2003">
  <ItemGroup>
    <Filter Include="Source Files">
      <UniqueIdentifier>{4FC737F1-C7A5-4376-A066-2A32D752A2FF}</UniqueIdentifier>
      <Extensions>cpp;c;cc;cxx;def;odl;idl;hpj;bat;asm;asmx</Extensions>
    </Filter>
    <Filter Include="Header Files">
      <UniqueIdentifier>{93995380-89BD-4b04-88EB-625FBE52EBFB}</UniqueIdentifier>
      <Extensions>h;hh;hpp;hxx;hm;inl;inc;xsd</Extensions>
    </Filter>
    <Filter Include="Resource Files">
      <UniqueIdentifier>{67DA6AB6-F800-4c08-8B7A-83BB121AAD01}</UniqueIdentifier>
      <Extensions>rc;ico;cur;bmp;dlg;rc2;rct;bin;rgs;gif;jpg;jpeg;jpe;resx;tiff;tif;png;wav;mfcribbon-ms</Extensions>
    </Filter>
  </ItemGroup>
  <ItemGroup>
    <Text Include="ReadMe.txt" />
  </ItemGroup>
  <ItemGroup>
    <ClInclude Include="Mandelbrot.h">
      <Filter>Header Files</Filter>
    </ClInclude>
    <ClInclude Include="stdafx.h">
      <Filter>Header Files</Filter>
    </ClInclude>
    <ClInclude Include="MainFrm.h">
      <Filter>Header Files</Filter>
    </ClInclude>
    <ClInclude Include="MandelbrotDoc.h">
      <Filter>Header Files</Filter>
    </ClInclude>
    <ClInclude Include="MandelbrotView.h">
      <Filter>Header Files</Filter>
    </ClInclude>
    <ClInclude Include="Resource.h">
      <Filter>Header Files</Filter>
    </ClInclude>
    <ClInclude Include="Complex.h">
      <Filter>Header Files</Filter>
    </ClInclude>
    <ClInclude Include="Fractal.h">
      <Filter>Header Files</Filter>
    </ClInclude>
  </ItemGroup>
  <ItemGroup>
    <ClCompile Include="Mandelbrot.cpp">
      <Filter>Source Files</Filter>
    </ClCompile>
    <ClCompile Include="stdafx.cpp">
      <Filter>Source Files</Filter>
    </ClCompile>
    <ClCompile Include="MainFrm.cpp">
      <Filter>Source Files</Filter>
    </ClCompile>
    <ClCompile Include="MandelbrotDoc.cpp">
      <Filter>Source Files</Filter>
    </ClCompile>
    <ClCompile Include="MandelbrotView.cpp">
      <Filter>Source Files</Filter>
    </ClCompile>
    <ClCompile Include="Complex.cpp">
      <Filter>Source Files</Filter>
    </ClCompile>
    <ClCompile Include="Fractal.cpp">
      <Filter>Source Files</Filter>
    </ClCompile>
  </ItemGroup>
  <ItemGroup>
    <None Include="Mandelbrot.reg" />
    <None Include="res\Mandelbrot.rc2">
      <Filter>Resource Files</Filter>
    </None>
  </ItemGroup>
  <ItemGroup>
    <ResourceCompile Include="Mandelbrot.rc">
      <Filter>Resource Files</Filter>
    </ResourceCompile>
  </ItemGroup>
  <ItemGroup>
    <Image Include="res\MandelbrotDoc.ico">
      <Filter>Resource Files</Filter>
    </Image>
    <Image Include="res\Mandelbrot.ico">
      <Filter>Resource Files</Filter>
    </Image>
    <Image Include="res\ribbonmain.png">
      <Filter>Resource Files</Filter>
    </Image>
    <Image Include="res\ribbonfilesmall.png">
      <Filter>Resource Files</Filter>
    </Image>
    <Image Include="res\ribbonhomesmall.png">
      <Filter>Resource Files</Filter>
    </Image>
    <Image Include="res\ribbonhomelarge.png">
      <Filter>Resource Files</Filter>
    </Image>
    <Image Include="res\ribbonicons.png">
      <Filter>Resource Files</Filter>
    </Image>
    <Image Include="res\ribbonfilelarge.png">
      <Filter>Resource Files</Filter>
    </Image>
    <Image Include="res\Toolbar.bmp">
      <Filter>Resource Files</Filter>
    </Image>
  </ItemGroup>
</Project>